// !$*UTF8*$!
{
	archiveVersion = 1;
	classes = {
	};
	objectVersion = 46;
	objects = {

/* Begin PBXBuildFile section */
		5A455ED61E8D45CA00A41266 /* comment.png in Resources */ = {isa = PBXBuildFile; fileRef = 5A455ED41E8D45C900A41266 /* comment.png */; };
		5A455ED71E8D45CA00A41266 /* share.png in Resources */ = {isa = PBXBuildFile; fileRef = 5A455ED51E8D45C900A41266 /* share.png */; };
		5A455ED91E8D5DDD00A41266 /* sideBar.png in Resources */ = {isa = PBXBuildFile; fileRef = 5A455ED81E8D5DDD00A41266 /* sideBar.png */; };
		5A455EDB1E8D6E5F00A41266 /* testingLike.icns in Resources */ = {isa = PBXBuildFile; fileRef = 5A455EDA1E8D6E5F00A41266 /* testingLike.icns */; };
		5ADA86311EFFFD3C009E6A7D /* bBar copy.png in Resources */ = {isa = PBXBuildFile; fileRef = 5ADA86301EFFFD3C009E6A7D /* bBar copy.png */; };
		5AF3C3F31E7B859B00990AA2 /* navBarColor.png in Resources */ = {isa = PBXBuildFile; fileRef = 5AF3C3F21E7B859B00990AA2 /* navBarColor.png */; };
		5AF3C3F51E7B863300990AA2 /* listButton.png in Resources */ = {isa = PBXBuildFile; fileRef = 5AF3C3F41E7B863300990AA2 /* listButton.png */; };
		5AF3C3F71E7B871400990AA2 /* WhiteBackground.png in Resources */ = {isa = PBXBuildFile; fileRef = 5AF3C3F61E7B871400990AA2 /* WhiteBackground.png */; };
		5AF3C3F91E7B87BE00990AA2 /* RefreshG.png in Resources */ = {isa = PBXBuildFile; fileRef = 5AF3C3F81E7B87BE00990AA2 /* RefreshG.png */; };
		5AF3C3FC1E7B8A4D00990AA2 /* donateBox.png in Resources */ = {isa = PBXBuildFile; fileRef = 5AF3C3FA1E7B8A4D00990AA2 /* donateBox.png */; };
		5AF3C3FD1E7B8A4D00990AA2 /* Tag.png in Resources */ = {isa = PBXBuildFile; fileRef = 5AF3C3FB1E7B8A4D00990AA2 /* Tag.png */; };
		5AF3C3FF1E7B8A5600990AA2 /* aboutBulb.png in Resources */ = {isa = PBXBuildFile; fileRef = 5AF3C3FE1E7B8A5600990AA2 /* aboutBulb.png */; };
		5AF3C4011E7B8B7300990AA2 /* TopBar.png in Resources */ = {isa = PBXBuildFile; fileRef = 5AF3C4001E7B8B7300990AA2 /* TopBar.png */; };
		5AF3C4071E7C4F9100990AA2 /* Login page.png in Resources */ = {isa = PBXBuildFile; fileRef = 5AF3C4061E7C4F9100990AA2 /* Login page.png */; };
		5AF3C4091E7C526500990AA2 /* SignInButton.png in Resources */ = {isa = PBXBuildFile; fileRef = 5AF3C4081E7C526500990AA2 /* SignInButton.png */; };
		5AF3C40D1E7C5DE600990AA2 /* SettingsButton.png in Resources */ = {isa = PBXBuildFile; fileRef = 5AF3C40C1E7C5DE600990AA2 /* SettingsButton.png */; };
		5AF3C40F1E7C5FB700990AA2 /* comments.png in Resources */ = {isa = PBXBuildFile; fileRef = 5AF3C40E1E7C5FB700990AA2 /* comments.png */; };
		70223CD81E2D7A75001E3724 /* Items.m in Sources */ = {isa = PBXBuildFile; fileRef = 70223CD71E2D7A75001E3724 /* Items.m */; };
		70223CDB1E2D7AA4001E3724 /* Donate.m in Sources */ = {isa = PBXBuildFile; fileRef = 70223CDA1E2D7AA4001E3724 /* Donate.m */; };
		70223CDE1E2D7AB5001E3724 /* About.m in Sources */ = {isa = PBXBuildFile; fileRef = 70223CDD1E2D7AB5001E3724 /* About.m */; };
		70223D1D1E3184CD001E3724 /* Item.m in Sources */ = {isa = PBXBuildFile; fileRef = 70223D1C1E3184CD001E3724 /* Item.m */; };
		7026DB631E8C07B00042F6DE /* Login.m in Sources */ = {isa = PBXBuildFile; fileRef = 7026DB621E8C07B00042F6DE /* Login.m */; };
		7026DB661E8C07C40042F6DE /* SignUp.m in Sources */ = {isa = PBXBuildFile; fileRef = 7026DB651E8C07C40042F6DE /* SignUp.m */; };
		702CADCC1E41A3EA00FAC241 /* PurchaseThankYou.m in Sources */ = {isa = PBXBuildFile; fileRef = 702CADCB1E41A3EA00FAC241 /* PurchaseThankYou.m */; };
		702CADCE1E42576E00FAC241 /* itunesartwork_2x_720.png in Resources */ = {isa = PBXBuildFile; fileRef = 702CADCD1E42576E00FAC241 /* itunesartwork_2x_720.png */; };
		7043094E1E343E680059B736 /* ItemCustomCell.m in Sources */ = {isa = PBXBuildFile; fileRef = 7043094D1E343E680059B736 /* ItemCustomCell.m */; };
		7043099D1E3478DC0059B736 /* ItemDetail.m in Sources */ = {isa = PBXBuildFile; fileRef = 7043099C1E3478DC0059B736 /* ItemDetail.m */; };
		7045E9721F97EF4300A619E9 /* EditableCell.m in Sources */ = {isa = PBXBuildFile; fileRef = 7045E9711F97EF4300A619E9 /* EditableCell.m */; };
		7045E9751F97EF5C00A619E9 /* NameCell.m in Sources */ = {isa = PBXBuildFile; fileRef = 7045E9741F97EF5C00A619E9 /* NameCell.m */; };
		704F2E221F8CAF36009C881B /* UserPage.m in Sources */ = {isa = PBXBuildFile; fileRef = 704F2E211F8CAF36009C881B /* UserPage.m */; };
		704F2E251F8CAFA5009C881B /* UserSettings.m in Sources */ = {isa = PBXBuildFile; fileRef = 704F2E241F8CAFA5009C881B /* UserSettings.m */; };
		705E89141E35E04300FA4625 /* Comments.m in Sources */ = {isa = PBXBuildFile; fileRef = 705E89131E35E04300FA4625 /* Comments.m */; };
		705E89191E37BE4F00FA4625 /* Main.storyboard in Resources */ = {isa = PBXBuildFile; fileRef = 705E89171E37BE4F00FA4625 /* Main.storyboard */; };
		7099DF461F8D9E770016C1DE /* userlogo.png in Resources */ = {isa = PBXBuildFile; fileRef = 704F2E1F1F8CABC4009C881B /* userlogo.png */; };
		7099DF4C1F8DC8B80016C1DE /* DonatedItemCustomCell.m in Sources */ = {isa = PBXBuildFile; fileRef = 7099DF4B1F8DC8B80016C1DE /* DonatedItemCustomCell.m */; };
		70A923B81E3BF39300B4B942 /* Filters.m in Sources */ = {isa = PBXBuildFile; fileRef = 70A923B71E3BF39300B4B942 /* Filters.m */; };
		70A923BC1E3D8A5D00B4B942 /* missing.png in Resources */ = {isa = PBXBuildFile; fileRef = 70A923BB1E3D8A5D00B4B942 /* missing.png */; };
		70A923BE1E3D8BA100B4B942 /* default.png in Resources */ = {isa = PBXBuildFile; fileRef = 70A923BD1E3D8BA100B4B942 /* default.png */; };
		70A923C21E3D8E8C00B4B942 /* purchased.png in Resources */ = {isa = PBXBuildFile; fileRef = 70A923BF1E3D8E8C00B4B942 /* purchased.png */; };
		70A923C31E3D8E8C00B4B942 /* purchased@2x.png in Resources */ = {isa = PBXBuildFile; fileRef = 70A923C01E3D8E8C00B4B942 /* purchased@2x.png */; };
		70A923C41E3D8E8C00B4B942 /* purchased@3x.png in Resources */ = {isa = PBXBuildFile; fileRef = 70A923C11E3D8E8C00B4B942 /* purchased@3x.png */; };
		70A923E61E3DD3CC00B4B942 /* PassKit.framework in Frameworks */ = {isa = PBXBuildFile; fileRef = 70A923E51E3DD3CC00B4B942 /* PassKit.framework */; };
		70A923F81E3F058F00B4B942 /* 1.png in Resources */ = {isa = PBXBuildFile; fileRef = 70A923F41E3F058F00B4B942 /* 1.png */; };
		70A923F91E3F058F00B4B942 /* 2.png in Resources */ = {isa = PBXBuildFile; fileRef = 70A923F51E3F058F00B4B942 /* 2.png */; };
		70A923FA1E3F058F00B4B942 /* 3.png in Resources */ = {isa = PBXBuildFile; fileRef = 70A923F61E3F058F00B4B942 /* 3.png */; };
		70A923FB1E3F058F00B4B942 /* 4.png in Resources */ = {isa = PBXBuildFile; fileRef = 70A923F71E3F058F00B4B942 /* 4.png */; };
		70A924001E3F0BF100B4B942 /* large1.png in Resources */ = {isa = PBXBuildFile; fileRef = 70A923FC1E3F0BF100B4B942 /* large1.png */; };
		70A924011E3F0BF100B4B942 /* large2.png in Resources */ = {isa = PBXBuildFile; fileRef = 70A923FD1E3F0BF100B4B942 /* large2.png */; };
		70A924021E3F0BF100B4B942 /* large3.png in Resources */ = {isa = PBXBuildFile; fileRef = 70A923FE1E3F0BF100B4B942 /* large3.png */; };
		70A924031E3F0BF100B4B942 /* large4.png in Resources */ = {isa = PBXBuildFile; fileRef = 70A923FF1E3F0BF100B4B942 /* large4.png */; };
		70A924071E3F0E2D00B4B942 /* bb.png in Resources */ = {isa = PBXBuildFile; fileRef = 70A924041E3F0E2D00B4B942 /* bb.png */; };
		70A924081E3F0E2D00B4B942 /* bb@2x.png in Resources */ = {isa = PBXBuildFile; fileRef = 70A924051E3F0E2D00B4B942 /* bb@2x.png */; };
		70A924091E3F0E2D00B4B942 /* bb@3x.png in Resources */ = {isa = PBXBuildFile; fileRef = 70A924061E3F0E2D00B4B942 /* bb@3x.png */; };
		70D2BE5D1E38930300F39435 /* cameraIcon.png in Resources */ = {isa = PBXBuildFile; fileRef = 70D2BE371E38930300F39435 /* cameraIcon.png */; };
		70D2BE5E1E38930300F39435 /* cameraIcon@2x.png in Resources */ = {isa = PBXBuildFile; fileRef = 70D2BE381E38930300F39435 /* cameraIcon@2x.png */; };
		70D2BE5F1E38930300F39435 /* cameraIcon@3x.png in Resources */ = {isa = PBXBuildFile; fileRef = 70D2BE391E38930300F39435 /* cameraIcon@3x.png */; };
		70D2BE611E38930300F39435 /* gradient.png in Resources */ = {isa = PBXBuildFile; fileRef = 70D2BE3B1E38930300F39435 /* gradient.png */; };
		70D2BE6F1E38930300F39435 /* Screen Shot 2017-01-13 at 3.34.10 PM.png in Resources */ = {isa = PBXBuildFile; fileRef = 70D2BE491E38930300F39435 /* Screen Shot 2017-01-13 at 3.34.10 PM.png */; };
		70D2BE701E38930300F39435 /* Screen Shot 2017-01-13 at 3.43.03 PM.png in Resources */ = {isa = PBXBuildFile; fileRef = 70D2BE4A1E38930300F39435 /* Screen Shot 2017-01-13 at 3.43.03 PM.png */; };
		70D2BE711E38930300F39435 /* Screen Shot 2017-01-13 at 3.43.15 PM.png in Resources */ = {isa = PBXBuildFile; fileRef = 70D2BE4B1E38930300F39435 /* Screen Shot 2017-01-13 at 3.43.15 PM.png */; };
		70D2BE721E38930300F39435 /* Screen Shot 2017-01-17 at 11.19.21 AM.png in Resources */ = {isa = PBXBuildFile; fileRef = 70D2BE4C1E38930300F39435 /* Screen Shot 2017-01-17 at 11.19.21 AM.png */; };
		70D2BE731E38930300F39435 /* TestImage.png in Resources */ = {isa = PBXBuildFile; fileRef = 70D2BE4D1E38930300F39435 /* TestImage.png */; };
		70D2BE741E38930300F39435 /* TestImage1.png in Resources */ = {isa = PBXBuildFile; fileRef = 70D2BE4E1E38930300F39435 /* TestImage1.png */; };
		70DC6CBC1E01F6DB00CE6953 /* main.m in Sources */ = {isa = PBXBuildFile; fileRef = 70DC6CBB1E01F6DB00CE6953 /* main.m */; };
		70DC6CBF1E01F6DB00CE6953 /* AppDelegate.m in Sources */ = {isa = PBXBuildFile; fileRef = 70DC6CBE1E01F6DB00CE6953 /* AppDelegate.m */; };
		70DC6CC21E01F6DB00CE6953 /* ViewController.m in Sources */ = {isa = PBXBuildFile; fileRef = 70DC6CC11E01F6DB00CE6953 /* ViewController.m */; };
		70DC6CC71E01F6DB00CE6953 /* Assets.xcassets in Resources */ = {isa = PBXBuildFile; fileRef = 70DC6CC61E01F6DB00CE6953 /* Assets.xcassets */; };
		70DC6CCA1E01F6DB00CE6953 /* LaunchScreen.storyboard in Resources */ = {isa = PBXBuildFile; fileRef = 70DC6CC81E01F6DB00CE6953 /* LaunchScreen.storyboard */; };
		70DC6CD51E01F6DB00CE6953 /* Garage_SaleTests.m in Sources */ = {isa = PBXBuildFile; fileRef = 70DC6CD41E01F6DB00CE6953 /* Garage_SaleTests.m */; };
		70DC6CE01E01F6DB00CE6953 /* Garage_SaleUITests.m in Sources */ = {isa = PBXBuildFile; fileRef = 70DC6CDF1E01F6DB00CE6953 /* Garage_SaleUITests.m */; };
		70E037641F959B4D0078582A /* ItemDetailChange.m in Sources */ = {isa = PBXBuildFile; fileRef = 70E037631F959B4D0078582A /* ItemDetailChange.m */; };
		70E037671F959F4E0078582A /* Utility.m in Sources */ = {isa = PBXBuildFile; fileRef = 70E037661F959F4E0078582A /* Utility.m */; };
/* End PBXBuildFile section */

/* Begin PBXContainerItemProxy section */
		70DC6CD11E01F6DB00CE6953 /* PBXContainerItemProxy */ = {
			isa = PBXContainerItemProxy;
			containerPortal = 70DC6CAF1E01F6DB00CE6953 /* Project object */;
			proxyType = 1;
			remoteGlobalIDString = 70DC6CB61E01F6DB00CE6953;
			remoteInfo = "Garage Sale";
		};
		70DC6CDC1E01F6DB00CE6953 /* PBXContainerItemProxy */ = {
			isa = PBXContainerItemProxy;
			containerPortal = 70DC6CAF1E01F6DB00CE6953 /* Project object */;
			proxyType = 1;
			remoteGlobalIDString = 70DC6CB61E01F6DB00CE6953;
			remoteInfo = "Garage Sale";
		};
/* End PBXContainerItemProxy section */

/* Begin PBXFileReference section */
		5A455ED41E8D45C900A41266 /* comment.png */ = {isa = PBXFileReference; lastKnownFileType = image.png; path = comment.png; sourceTree = "<group>"; };
		5A455ED51E8D45C900A41266 /* share.png */ = {isa = PBXFileReference; lastKnownFileType = image.png; path = share.png; sourceTree = "<group>"; };
		5A455ED81E8D5DDD00A41266 /* sideBar.png */ = {isa = PBXFileReference; lastKnownFileType = image.png; path = sideBar.png; sourceTree = "<group>"; };
		5A455EDA1E8D6E5F00A41266 /* testingLike.icns */ = {isa = PBXFileReference; lastKnownFileType = image.icns; path = testingLike.icns; sourceTree = "<group>"; };
		5ADA86301EFFFD3C009E6A7D /* bBar copy.png */ = {isa = PBXFileReference; lastKnownFileType = image.png; path = "bBar copy.png"; sourceTree = "<group>"; };
		5AF3C3F21E7B859B00990AA2 /* navBarColor.png */ = {isa = PBXFileReference; lastKnownFileType = image.png; path = navBarColor.png; sourceTree = "<group>"; };
		5AF3C3F41E7B863300990AA2 /* listButton.png */ = {isa = PBXFileReference; lastKnownFileType = image.png; path = listButton.png; sourceTree = "<group>"; };
		5AF3C3F61E7B871400990AA2 /* WhiteBackground.png */ = {isa = PBXFileReference; lastKnownFileType = image.png; path = WhiteBackground.png; sourceTree = "<group>"; };
		5AF3C3F81E7B87BE00990AA2 /* RefreshG.png */ = {isa = PBXFileReference; lastKnownFileType = image.png; path = RefreshG.png; sourceTree = "<group>"; };
		5AF3C3FA1E7B8A4D00990AA2 /* donateBox.png */ = {isa = PBXFileReference; lastKnownFileType = image.png; path = donateBox.png; sourceTree = "<group>"; };
		5AF3C3FB1E7B8A4D00990AA2 /* Tag.png */ = {isa = PBXFileReference; lastKnownFileType = image.png; path = Tag.png; sourceTree = "<group>"; };
		5AF3C3FE1E7B8A5600990AA2 /* aboutBulb.png */ = {isa = PBXFileReference; lastKnownFileType = image.png; path = aboutBulb.png; sourceTree = "<group>"; };
		5AF3C4001E7B8B7300990AA2 /* TopBar.png */ = {isa = PBXFileReference; lastKnownFileType = image.png; path = TopBar.png; sourceTree = "<group>"; };
		5AF3C4061E7C4F9100990AA2 /* Login page.png */ = {isa = PBXFileReference; lastKnownFileType = image.png; path = "Login page.png"; sourceTree = "<group>"; };
		5AF3C4081E7C526500990AA2 /* SignInButton.png */ = {isa = PBXFileReference; lastKnownFileType = image.png; path = SignInButton.png; sourceTree = "<group>"; };
		5AF3C40C1E7C5DE600990AA2 /* SettingsButton.png */ = {isa = PBXFileReference; lastKnownFileType = image.png; path = SettingsButton.png; sourceTree = "<group>"; };
		5AF3C40E1E7C5FB700990AA2 /* comments.png */ = {isa = PBXFileReference; lastKnownFileType = image.png; path = comments.png; sourceTree = "<group>"; };
		70223CD61E2D7A75001E3724 /* Items.h */ = {isa = PBXFileReference; fileEncoding = 4; lastKnownFileType = sourcecode.c.h; path = Items.h; sourceTree = "<group>"; };
		70223CD71E2D7A75001E3724 /* Items.m */ = {isa = PBXFileReference; fileEncoding = 4; lastKnownFileType = sourcecode.c.objc; path = Items.m; sourceTree = "<group>"; };
		70223CD91E2D7AA4001E3724 /* Donate.h */ = {isa = PBXFileReference; fileEncoding = 4; lastKnownFileType = sourcecode.c.h; path = Donate.h; sourceTree = "<group>"; };
		70223CDA1E2D7AA4001E3724 /* Donate.m */ = {isa = PBXFileReference; fileEncoding = 4; lastKnownFileType = sourcecode.c.objc; path = Donate.m; sourceTree = "<group>"; };
		70223CDC1E2D7AB5001E3724 /* About.h */ = {isa = PBXFileReference; fileEncoding = 4; lastKnownFileType = sourcecode.c.h; path = About.h; sourceTree = "<group>"; };
		70223CDD1E2D7AB5001E3724 /* About.m */ = {isa = PBXFileReference; fileEncoding = 4; lastKnownFileType = sourcecode.c.objc; path = About.m; sourceTree = "<group>"; };
		70223D1B1E3184CD001E3724 /* Item.h */ = {isa = PBXFileReference; fileEncoding = 4; lastKnownFileType = sourcecode.c.h; path = Item.h; sourceTree = "<group>"; };
		70223D1C1E3184CD001E3724 /* Item.m */ = {isa = PBXFileReference; fileEncoding = 4; lastKnownFileType = sourcecode.c.objc; path = Item.m; sourceTree = "<group>"; };
		7026DB611E8C07B00042F6DE /* Login.h */ = {isa = PBXFileReference; fileEncoding = 4; lastKnownFileType = sourcecode.c.h; path = Login.h; sourceTree = "<group>"; };
		7026DB621E8C07B00042F6DE /* Login.m */ = {isa = PBXFileReference; fileEncoding = 4; lastKnownFileType = sourcecode.c.objc; path = Login.m; sourceTree = "<group>"; };
		7026DB641E8C07C40042F6DE /* SignUp.h */ = {isa = PBXFileReference; fileEncoding = 4; lastKnownFileType = sourcecode.c.h; path = SignUp.h; sourceTree = "<group>"; };
		7026DB651E8C07C40042F6DE /* SignUp.m */ = {isa = PBXFileReference; fileEncoding = 4; lastKnownFileType = sourcecode.c.objc; path = SignUp.m; sourceTree = "<group>"; };
		702CADCA1E41A3EA00FAC241 /* PurchaseThankYou.h */ = {isa = PBXFileReference; fileEncoding = 4; lastKnownFileType = sourcecode.c.h; path = PurchaseThankYou.h; sourceTree = "<group>"; };
		702CADCB1E41A3EA00FAC241 /* PurchaseThankYou.m */ = {isa = PBXFileReference; fileEncoding = 4; lastKnownFileType = sourcecode.c.objc; path = PurchaseThankYou.m; sourceTree = "<group>"; };
		702CADCD1E42576E00FAC241 /* itunesartwork_2x_720.png */ = {isa = PBXFileReference; lastKnownFileType = image.png; path = itunesartwork_2x_720.png; sourceTree = "<group>"; };
		7043094C1E343E680059B736 /* ItemCustomCell.h */ = {isa = PBXFileReference; fileEncoding = 4; lastKnownFileType = sourcecode.c.h; path = ItemCustomCell.h; sourceTree = "<group>"; };
		7043094D1E343E680059B736 /* ItemCustomCell.m */ = {isa = PBXFileReference; fileEncoding = 4; lastKnownFileType = sourcecode.c.objc; path = ItemCustomCell.m; sourceTree = "<group>"; };
		704309961E3463160059B736 /* CoreData.framework */ = {isa = PBXFileReference; lastKnownFileType = wrapper.framework; name = CoreData.framework; path = System/Library/Frameworks/CoreData.framework; sourceTree = SDKROOT; };
		7043099B1E3478DC0059B736 /* ItemDetail.h */ = {isa = PBXFileReference; fileEncoding = 4; lastKnownFileType = sourcecode.c.h; path = ItemDetail.h; sourceTree = "<group>"; };
		7043099C1E3478DC0059B736 /* ItemDetail.m */ = {isa = PBXFileReference; fileEncoding = 4; lastKnownFileType = sourcecode.c.objc; path = ItemDetail.m; sourceTree = "<group>"; };
		7045E9701F97EF4300A619E9 /* EditableCell.h */ = {isa = PBXFileReference; lastKnownFileType = sourcecode.c.h; path = EditableCell.h; sourceTree = "<group>"; };
		7045E9711F97EF4300A619E9 /* EditableCell.m */ = {isa = PBXFileReference; lastKnownFileType = sourcecode.c.objc; path = EditableCell.m; sourceTree = "<group>"; };
		7045E9731F97EF5C00A619E9 /* NameCell.h */ = {isa = PBXFileReference; lastKnownFileType = sourcecode.c.h; path = NameCell.h; sourceTree = "<group>"; };
		7045E9741F97EF5C00A619E9 /* NameCell.m */ = {isa = PBXFileReference; lastKnownFileType = sourcecode.c.objc; path = NameCell.m; sourceTree = "<group>"; };
		704F2E1F1F8CABC4009C881B /* userlogo.png */ = {isa = PBXFileReference; lastKnownFileType = image.png; path = userlogo.png; sourceTree = "<group>"; };
		704F2E201F8CAF36009C881B /* UserPage.h */ = {isa = PBXFileReference; lastKnownFileType = sourcecode.c.h; path = UserPage.h; sourceTree = "<group>"; };
		704F2E211F8CAF36009C881B /* UserPage.m */ = {isa = PBXFileReference; lastKnownFileType = sourcecode.c.objc; path = UserPage.m; sourceTree = "<group>"; };
		704F2E231F8CAFA5009C881B /* UserSettings.h */ = {isa = PBXFileReference; lastKnownFileType = sourcecode.c.h; path = UserSettings.h; sourceTree = "<group>"; };
		704F2E241F8CAFA5009C881B /* UserSettings.m */ = {isa = PBXFileReference; lastKnownFileType = sourcecode.c.objc; path = UserSettings.m; sourceTree = "<group>"; };
		705E89121E35E04300FA4625 /* Comments.h */ = {isa = PBXFileReference; fileEncoding = 4; lastKnownFileType = sourcecode.c.h; path = Comments.h; sourceTree = "<group>"; };
		705E89131E35E04300FA4625 /* Comments.m */ = {isa = PBXFileReference; fileEncoding = 4; lastKnownFileType = sourcecode.c.objc; path = Comments.m; sourceTree = "<group>"; };
		705E89181E37BE4F00FA4625 /* Base */ = {isa = PBXFileReference; lastKnownFileType = file.storyboard; name = Base; path = Base.lproj/Main.storyboard; sourceTree = "<group>"; };
		7091194D1F8B5D2C00A5D66E /* bBar.png */ = {isa = PBXFileReference; lastKnownFileType = image.png; path = bBar.png; sourceTree = "<group>"; };
		7099DF4A1F8DC8B80016C1DE /* DonatedItemCustomCell.h */ = {isa = PBXFileReference; lastKnownFileType = sourcecode.c.h; path = DonatedItemCustomCell.h; sourceTree = "<group>"; };
		7099DF4B1F8DC8B80016C1DE /* DonatedItemCustomCell.m */ = {isa = PBXFileReference; lastKnownFileType = sourcecode.c.objc; path = DonatedItemCustomCell.m; sourceTree = "<group>"; };
		70A923B61E3BF39300B4B942 /* Filters.h */ = {isa = PBXFileReference; fileEncoding = 4; lastKnownFileType = sourcecode.c.h; path = Filters.h; sourceTree = "<group>"; };
		70A923B71E3BF39300B4B942 /* Filters.m */ = {isa = PBXFileReference; fileEncoding = 4; lastKnownFileType = sourcecode.c.objc; path = Filters.m; sourceTree = "<group>"; };
		70A923BB1E3D8A5D00B4B942 /* missing.png */ = {isa = PBXFileReference; lastKnownFileType = image.png; path = missing.png; sourceTree = "<group>"; };
		70A923BD1E3D8BA100B4B942 /* default.png */ = {isa = PBXFileReference; lastKnownFileType = image.png; path = default.png; sourceTree = "<group>"; };
		70A923BF1E3D8E8C00B4B942 /* purchased.png */ = {isa = PBXFileReference; lastKnownFileType = image.png; path = purchased.png; sourceTree = "<group>"; };
		70A923C01E3D8E8C00B4B942 /* purchased@2x.png */ = {isa = PBXFileReference; lastKnownFileType = image.png; path = "purchased@2x.png"; sourceTree = "<group>"; };
		70A923C11E3D8E8C00B4B942 /* purchased@3x.png */ = {isa = PBXFileReference; lastKnownFileType = image.png; path = "purchased@3x.png"; sourceTree = "<group>"; };
		70A923E51E3DD3CC00B4B942 /* PassKit.framework */ = {isa = PBXFileReference; lastKnownFileType = wrapper.framework; name = PassKit.framework; path = System/Library/Frameworks/PassKit.framework; sourceTree = SDKROOT; };
		70A923E71E3DDA5B00B4B942 /* Garage Sale.entitlements */ = {isa = PBXFileReference; lastKnownFileType = text.plist.entitlements; path = "Garage Sale.entitlements"; sourceTree = "<group>"; };
		70A923F41E3F058F00B4B942 /* 1.png */ = {isa = PBXFileReference; lastKnownFileType = image.png; path = 1.png; sourceTree = "<group>"; };
		70A923F51E3F058F00B4B942 /* 2.png */ = {isa = PBXFileReference; lastKnownFileType = image.png; path = 2.png; sourceTree = "<group>"; };
		70A923F61E3F058F00B4B942 /* 3.png */ = {isa = PBXFileReference; lastKnownFileType = image.png; path = 3.png; sourceTree = "<group>"; };
		70A923F71E3F058F00B4B942 /* 4.png */ = {isa = PBXFileReference; lastKnownFileType = image.png; path = 4.png; sourceTree = "<group>"; };
		70A923FC1E3F0BF100B4B942 /* large1.png */ = {isa = PBXFileReference; lastKnownFileType = image.png; path = large1.png; sourceTree = "<group>"; };
		70A923FD1E3F0BF100B4B942 /* large2.png */ = {isa = PBXFileReference; lastKnownFileType = image.png; path = large2.png; sourceTree = "<group>"; };
		70A923FE1E3F0BF100B4B942 /* large3.png */ = {isa = PBXFileReference; lastKnownFileType = image.png; path = large3.png; sourceTree = "<group>"; };
		70A923FF1E3F0BF100B4B942 /* large4.png */ = {isa = PBXFileReference; lastKnownFileType = image.png; path = large4.png; sourceTree = "<group>"; };
		70A924041E3F0E2D00B4B942 /* bb.png */ = {isa = PBXFileReference; lastKnownFileType = image.png; path = bb.png; sourceTree = "<group>"; };
		70A924051E3F0E2D00B4B942 /* bb@2x.png */ = {isa = PBXFileReference; lastKnownFileType = image.png; path = "bb@2x.png"; sourceTree = "<group>"; };
		70A924061E3F0E2D00B4B942 /* bb@3x.png */ = {isa = PBXFileReference; lastKnownFileType = image.png; path = "bb@3x.png"; sourceTree = "<group>"; };
		70C84E921F9917630026EB95 /* Instagram-Heart-Solid@3x.png */ = {isa = PBXFileReference; lastKnownFileType = image.png; path = "Instagram-Heart-Solid@3x.png"; sourceTree = "<group>"; };
		70C84E931F9917790026EB95 /* Instagram-Heart-Transparent@3x.png */ = {isa = PBXFileReference; lastKnownFileType = image.png; path = "Instagram-Heart-Transparent@3x.png"; sourceTree = "<group>"; };
		70D2BE371E38930300F39435 /* cameraIcon.png */ = {isa = PBXFileReference; lastKnownFileType = image.png; path = cameraIcon.png; sourceTree = "<group>"; };
		70D2BE381E38930300F39435 /* cameraIcon@2x.png */ = {isa = PBXFileReference; lastKnownFileType = image.png; path = "cameraIcon@2x.png"; sourceTree = "<group>"; };
		70D2BE391E38930300F39435 /* cameraIcon@3x.png */ = {isa = PBXFileReference; lastKnownFileType = image.png; path = "cameraIcon@3x.png"; sourceTree = "<group>"; };
		70D2BE3B1E38930300F39435 /* gradient.png */ = {isa = PBXFileReference; lastKnownFileType = image.png; path = gradient.png; sourceTree = "<group>"; };
		70D2BE491E38930300F39435 /* Screen Shot 2017-01-13 at 3.34.10 PM.png */ = {isa = PBXFileReference; lastKnownFileType = image.png; path = "Screen Shot 2017-01-13 at 3.34.10 PM.png"; sourceTree = "<group>"; };
		70D2BE4A1E38930300F39435 /* Screen Shot 2017-01-13 at 3.43.03 PM.png */ = {isa = PBXFileReference; lastKnownFileType = image.png; path = "Screen Shot 2017-01-13 at 3.43.03 PM.png"; sourceTree = "<group>"; };
		70D2BE4B1E38930300F39435 /* Screen Shot 2017-01-13 at 3.43.15 PM.png */ = {isa = PBXFileReference; lastKnownFileType = image.png; path = "Screen Shot 2017-01-13 at 3.43.15 PM.png"; sourceTree = "<group>"; };
		70D2BE4C1E38930300F39435 /* Screen Shot 2017-01-17 at 11.19.21 AM.png */ = {isa = PBXFileReference; lastKnownFileType = image.png; path = "Screen Shot 2017-01-17 at 11.19.21 AM.png"; sourceTree = "<group>"; };
		70D2BE4D1E38930300F39435 /* TestImage.png */ = {isa = PBXFileReference; lastKnownFileType = image.png; path = TestImage.png; sourceTree = "<group>"; };
		70D2BE4E1E38930300F39435 /* TestImage1.png */ = {isa = PBXFileReference; lastKnownFileType = image.png; path = TestImage1.png; sourceTree = "<group>"; };
		70DC6CB71E01F6DB00CE6953 /* Garage Sale.app */ = {isa = PBXFileReference; explicitFileType = wrapper.application; includeInIndex = 0; path = "Garage Sale.app"; sourceTree = BUILT_PRODUCTS_DIR; };
		70DC6CBB1E01F6DB00CE6953 /* main.m */ = {isa = PBXFileReference; lastKnownFileType = sourcecode.c.objc; path = main.m; sourceTree = "<group>"; };
		70DC6CBD1E01F6DB00CE6953 /* AppDelegate.h */ = {isa = PBXFileReference; lastKnownFileType = sourcecode.c.h; path = AppDelegate.h; sourceTree = "<group>"; };
		70DC6CBE1E01F6DB00CE6953 /* AppDelegate.m */ = {isa = PBXFileReference; lastKnownFileType = sourcecode.c.objc; path = AppDelegate.m; sourceTree = "<group>"; };
		70DC6CC01E01F6DB00CE6953 /* ViewController.h */ = {isa = PBXFileReference; lastKnownFileType = sourcecode.c.h; path = ViewController.h; sourceTree = "<group>"; };
		70DC6CC11E01F6DB00CE6953 /* ViewController.m */ = {isa = PBXFileReference; lastKnownFileType = sourcecode.c.objc; path = ViewController.m; sourceTree = "<group>"; };
		70DC6CC61E01F6DB00CE6953 /* Assets.xcassets */ = {isa = PBXFileReference; lastKnownFileType = folder.assetcatalog; path = Assets.xcassets; sourceTree = "<group>"; };
		70DC6CC91E01F6DB00CE6953 /* Base */ = {isa = PBXFileReference; lastKnownFileType = file.storyboard; name = Base; path = Base.lproj/LaunchScreen.storyboard; sourceTree = "<group>"; };
		70DC6CCB1E01F6DB00CE6953 /* Info.plist */ = {isa = PBXFileReference; lastKnownFileType = text.plist.xml; path = Info.plist; sourceTree = "<group>"; };
		70DC6CD01E01F6DB00CE6953 /* Garage SaleTests.xctest */ = {isa = PBXFileReference; explicitFileType = wrapper.cfbundle; includeInIndex = 0; path = "Garage SaleTests.xctest"; sourceTree = BUILT_PRODUCTS_DIR; };
		70DC6CD41E01F6DB00CE6953 /* Garage_SaleTests.m */ = {isa = PBXFileReference; lastKnownFileType = sourcecode.c.objc; path = Garage_SaleTests.m; sourceTree = "<group>"; };
		70DC6CD61E01F6DB00CE6953 /* Info.plist */ = {isa = PBXFileReference; lastKnownFileType = text.plist.xml; path = Info.plist; sourceTree = "<group>"; };
		70DC6CDB1E01F6DB00CE6953 /* Garage SaleUITests.xctest */ = {isa = PBXFileReference; explicitFileType = wrapper.cfbundle; includeInIndex = 0; path = "Garage SaleUITests.xctest"; sourceTree = BUILT_PRODUCTS_DIR; };
		70DC6CDF1E01F6DB00CE6953 /* Garage_SaleUITests.m */ = {isa = PBXFileReference; lastKnownFileType = sourcecode.c.objc; path = Garage_SaleUITests.m; sourceTree = "<group>"; };
		70DC6CE11E01F6DB00CE6953 /* Info.plist */ = {isa = PBXFileReference; lastKnownFileType = text.plist.xml; path = Info.plist; sourceTree = "<group>"; };
		70DF0CA41F99263400E7C042 /* Instagram-Heart-Transparent-Tall.png */ = {isa = PBXFileReference; lastKnownFileType = image.png; path = "Instagram-Heart-Transparent-Tall.png"; sourceTree = "<group>"; };
		70DF0CA51F9928CA00E7C042 /* Instagram-Heart-Solid-Tall.png */ = {isa = PBXFileReference; lastKnownFileType = image.png; path = "Instagram-Heart-Solid-Tall.png"; sourceTree = "<group>"; };
		70DF0CA61F99298200E7C042 /* Instagram-Heart-Transparent@2x.png */ = {isa = PBXFileReference; lastKnownFileType = image.png; path = "Instagram-Heart-Transparent@2x.png"; sourceTree = "<group>"; };
		70DF0CA71F99298700E7C042 /* Instagram-Heart-Transparent@1x.png */ = {isa = PBXFileReference; lastKnownFileType = image.png; path = "Instagram-Heart-Transparent@1x.png"; sourceTree = "<group>"; };
		70E037621F959B4D0078582A /* ItemDetailChange.h */ = {isa = PBXFileReference; lastKnownFileType = sourcecode.c.h; path = ItemDetailChange.h; sourceTree = "<group>"; };
		70E037631F959B4D0078582A /* ItemDetailChange.m */ = {isa = PBXFileReference; lastKnownFileType = sourcecode.c.objc; path = ItemDetailChange.m; sourceTree = "<group>"; };
		70E037651F959F4E0078582A /* Utility.h */ = {isa = PBXFileReference; lastKnownFileType = sourcecode.c.h; path = Utility.h; sourceTree = "<group>"; };
		70E037661F959F4E0078582A /* Utility.m */ = {isa = PBXFileReference; lastKnownFileType = sourcecode.c.objc; path = Utility.m; sourceTree = "<group>"; };
/* End PBXFileReference section */

/* Begin PBXFrameworksBuildPhase section */
		70DC6CB41E01F6DB00CE6953 /* Frameworks */ = {
			isa = PBXFrameworksBuildPhase;
			buildActionMask = 2147483647;
			files = (
				70A923E61E3DD3CC00B4B942 /* PassKit.framework in Frameworks */,
			);
			runOnlyForDeploymentPostprocessing = 0;
		};
		70DC6CCD1E01F6DB00CE6953 /* Frameworks */ = {
			isa = PBXFrameworksBuildPhase;
			buildActionMask = 2147483647;
			files = (
			);
			runOnlyForDeploymentPostprocessing = 0;
		};
		70DC6CD81E01F6DB00CE6953 /* Frameworks */ = {
			isa = PBXFrameworksBuildPhase;
			buildActionMask = 2147483647;
			files = (
			);
			runOnlyForDeploymentPostprocessing = 0;
		};
/* End PBXFrameworksBuildPhase section */

/* Begin PBXGroup section */
		704309951E3463160059B736 /* Frameworks */ = {
			isa = PBXGroup;
			children = (
				70A923E51E3DD3CC00B4B942 /* PassKit.framework */,
				704309961E3463160059B736 /* CoreData.framework */,
			);
			name = Frameworks;
			sourceTree = "<group>";
		};
		70DC6CAE1E01F6DB00CE6953 = {
			isa = PBXGroup;
			children = (
				70DC6CB91E01F6DB00CE6953 /* Garage Sale */,
				70DC6CD31E01F6DB00CE6953 /* Garage SaleTests */,
				70DC6CDE1E01F6DB00CE6953 /* Garage SaleUITests */,
				70DC6CB81E01F6DB00CE6953 /* Products */,
				704309951E3463160059B736 /* Frameworks */,
			);
			sourceTree = "<group>";
		};
		70DC6CB81E01F6DB00CE6953 /* Products */ = {
			isa = PBXGroup;
			children = (
				70DC6CB71E01F6DB00CE6953 /* Garage Sale.app */,
				70DC6CD01E01F6DB00CE6953 /* Garage SaleTests.xctest */,
				70DC6CDB1E01F6DB00CE6953 /* Garage SaleUITests.xctest */,
			);
			name = Products;
			sourceTree = "<group>";
		};
		70DC6CB91E01F6DB00CE6953 /* Garage Sale */ = {
			isa = PBXGroup;
			children = (
				70A923E71E3DDA5B00B4B942 /* Garage Sale.entitlements */,
				70223CDC1E2D7AB5001E3724 /* About.h */,
				70223CDD1E2D7AB5001E3724 /* About.m */,
				70DC6CBD1E01F6DB00CE6953 /* AppDelegate.h */,
				70DC6CBE1E01F6DB00CE6953 /* AppDelegate.m */,
				70223CD91E2D7AA4001E3724 /* Donate.h */,
				70223CDA1E2D7AA4001E3724 /* Donate.m */,
				7099DF4A1F8DC8B80016C1DE /* DonatedItemCustomCell.h */,
				7099DF4B1F8DC8B80016C1DE /* DonatedItemCustomCell.m */,
				705E89121E35E04300FA4625 /* Comments.h */,
				705E89131E35E04300FA4625 /* Comments.m */,
				70A923B61E3BF39300B4B942 /* Filters.h */,
				70A923B71E3BF39300B4B942 /* Filters.m */,
				70223D1B1E3184CD001E3724 /* Item.h */,
				70223D1C1E3184CD001E3724 /* Item.m */,
				7043094C1E343E680059B736 /* ItemCustomCell.h */,
				7043094D1E343E680059B736 /* ItemCustomCell.m */,
				7043099B1E3478DC0059B736 /* ItemDetail.h */,
				7043099C1E3478DC0059B736 /* ItemDetail.m */,
				70E037621F959B4D0078582A /* ItemDetailChange.h */,
				70E037631F959B4D0078582A /* ItemDetailChange.m */,
				70223CD61E2D7A75001E3724 /* Items.h */,
				70223CD71E2D7A75001E3724 /* Items.m */,
				7026DB611E8C07B00042F6DE /* Login.h */,
				7026DB621E8C07B00042F6DE /* Login.m */,
				702CADCA1E41A3EA00FAC241 /* PurchaseThankYou.h */,
				702CADCB1E41A3EA00FAC241 /* PurchaseThankYou.m */,
				7026DB641E8C07C40042F6DE /* SignUp.h */,
				7026DB651E8C07C40042F6DE /* SignUp.m */,
				704F2E201F8CAF36009C881B /* UserPage.h */,
				704F2E211F8CAF36009C881B /* UserPage.m */,
				704F2E231F8CAFA5009C881B /* UserSettings.h */,
				704F2E241F8CAFA5009C881B /* UserSettings.m */,
				7045E9731F97EF5C00A619E9 /* NameCell.h */,
				7045E9741F97EF5C00A619E9 /* NameCell.m */,
				7045E9701F97EF4300A619E9 /* EditableCell.h */,
				7045E9711F97EF4300A619E9 /* EditableCell.m */,
				70E037651F959F4E0078582A /* Utility.h */,
				70E037661F959F4E0078582A /* Utility.m */,
				70DC6CC01E01F6DB00CE6953 /* ViewController.h */,
				70DC6CC11E01F6DB00CE6953 /* ViewController.m */,
				70DC6CC61E01F6DB00CE6953 /* Assets.xcassets */,
				705E89171E37BE4F00FA4625 /* Main.storyboard */,
				70DC6CC81E01F6DB00CE6953 /* LaunchScreen.storyboard */,
				70DC6CCB1E01F6DB00CE6953 /* Info.plist */,
				70DC6CBA1E01F6DB00CE6953 /* Supporting Files */,
			);
			path = "Garage Sale";
			sourceTree = "<group>";
		};
		70DC6CBA1E01F6DB00CE6953 /* Supporting Files */ = {
			isa = PBXGroup;
			children = (
				704F2E1F1F8CABC4009C881B /* userlogo.png */,
				5ADA86301EFFFD3C009E6A7D /* bBar copy.png */,
				5A455EDA1E8D6E5F00A41266 /* testingLike.icns */,
				5A455ED81E8D5DDD00A41266 /* sideBar.png */,
				5A455ED41E8D45C900A41266 /* comment.png */,
				5A455ED51E8D45C900A41266 /* share.png */,
				5AF3C40E1E7C5FB700990AA2 /* comments.png */,
				5AF3C40C1E7C5DE600990AA2 /* SettingsButton.png */,
				5AF3C4081E7C526500990AA2 /* SignInButton.png */,
				5AF3C4061E7C4F9100990AA2 /* Login page.png */,
				5AF3C4001E7B8B7300990AA2 /* TopBar.png */,
				5AF3C3F21E7B859B00990AA2 /* navBarColor.png */,
				5AF3C3F41E7B863300990AA2 /* listButton.png */,
				5AF3C3F61E7B871400990AA2 /* WhiteBackground.png */,
				5AF3C3FE1E7B8A5600990AA2 /* aboutBulb.png */,
				5AF3C3F81E7B87BE00990AA2 /* RefreshG.png */,
				5AF3C3FA1E7B8A4D00990AA2 /* donateBox.png */,
				5AF3C3FB1E7B8A4D00990AA2 /* Tag.png */,
				702CADCD1E42576E00FAC241 /* itunesartwork_2x_720.png */,
				70A924041E3F0E2D00B4B942 /* bb.png */,
				70A924051E3F0E2D00B4B942 /* bb@2x.png */,
				70A924061E3F0E2D00B4B942 /* bb@3x.png */,
				7091194D1F8B5D2C00A5D66E /* bBar.png */,
				70A923FC1E3F0BF100B4B942 /* large1.png */,
				70A923FD1E3F0BF100B4B942 /* large2.png */,
				70A923FE1E3F0BF100B4B942 /* large3.png */,
				70A923FF1E3F0BF100B4B942 /* large4.png */,
				70A923F41E3F058F00B4B942 /* 1.png */,
				70A923F51E3F058F00B4B942 /* 2.png */,
				70A923F61E3F058F00B4B942 /* 3.png */,
				70A923F71E3F058F00B4B942 /* 4.png */,
				70DF0CA41F99263400E7C042 /* Instagram-Heart-Transparent-Tall.png */,
				70DF0CA51F9928CA00E7C042 /* Instagram-Heart-Solid-Tall.png */,
				70DF0CA71F99298700E7C042 /* Instagram-Heart-Transparent@1x.png */,
				70DF0CA61F99298200E7C042 /* Instagram-Heart-Transparent@2x.png */,
				70C84E921F9917630026EB95 /* Instagram-Heart-Solid@3x.png */,
				70C84E931F9917790026EB95 /* Instagram-Heart-Transparent@3x.png */,
				70D2BE371E38930300F39435 /* cameraIcon.png */,
				70D2BE381E38930300F39435 /* cameraIcon@2x.png */,
				70D2BE391E38930300F39435 /* cameraIcon@3x.png */,
				70A923BF1E3D8E8C00B4B942 /* purchased.png */,
				70A923C01E3D8E8C00B4B942 /* purchased@2x.png */,
				70A923C11E3D8E8C00B4B942 /* purchased@3x.png */,
				70A923BD1E3D8BA100B4B942 /* default.png */,
				70A923BB1E3D8A5D00B4B942 /* missing.png */,
				70D2BE3B1E38930300F39435 /* gradient.png */,
				70D2BE491E38930300F39435 /* Screen Shot 2017-01-13 at 3.34.10 PM.png */,
				70D2BE4A1E38930300F39435 /* Screen Shot 2017-01-13 at 3.43.03 PM.png */,
				70D2BE4B1E38930300F39435 /* Screen Shot 2017-01-13 at 3.43.15 PM.png */,
				70D2BE4C1E38930300F39435 /* Screen Shot 2017-01-17 at 11.19.21 AM.png */,
				70D2BE4D1E38930300F39435 /* TestImage.png */,
				70D2BE4E1E38930300F39435 /* TestImage1.png */,
				70DC6CBB1E01F6DB00CE6953 /* main.m */,
			);
			name = "Supporting Files";
			sourceTree = "<group>";
		};
		70DC6CD31E01F6DB00CE6953 /* Garage SaleTests */ = {
			isa = PBXGroup;
			children = (
				70DC6CD41E01F6DB00CE6953 /* Garage_SaleTests.m */,
				70DC6CD61E01F6DB00CE6953 /* Info.plist */,
			);
			path = "Garage SaleTests";
			sourceTree = "<group>";
		};
		70DC6CDE1E01F6DB00CE6953 /* Garage SaleUITests */ = {
			isa = PBXGroup;
			children = (
				70DC6CDF1E01F6DB00CE6953 /* Garage_SaleUITests.m */,
				70DC6CE11E01F6DB00CE6953 /* Info.plist */,
			);
			path = "Garage SaleUITests";
			sourceTree = "<group>";
		};
/* End PBXGroup section */

/* Begin PBXNativeTarget section */
		70DC6CB61E01F6DB00CE6953 /* Garage Sale */ = {
			isa = PBXNativeTarget;
			buildConfigurationList = 70DC6CE41E01F6DB00CE6953 /* Build configuration list for PBXNativeTarget "Garage Sale" */;
			buildPhases = (
				70DC6CB31E01F6DB00CE6953 /* Sources */,
				70DC6CB41E01F6DB00CE6953 /* Frameworks */,
				70DC6CB51E01F6DB00CE6953 /* Resources */,
			);
			buildRules = (
			);
			dependencies = (
			);
			name = "Garage Sale";
			productName = "Garage Sale";
			productReference = 70DC6CB71E01F6DB00CE6953 /* Garage Sale.app */;
			productType = "com.apple.product-type.application";
		};
		70DC6CCF1E01F6DB00CE6953 /* Garage SaleTests */ = {
			isa = PBXNativeTarget;
			buildConfigurationList = 70DC6CE71E01F6DB00CE6953 /* Build configuration list for PBXNativeTarget "Garage SaleTests" */;
			buildPhases = (
				70DC6CCC1E01F6DB00CE6953 /* Sources */,
				70DC6CCD1E01F6DB00CE6953 /* Frameworks */,
				70DC6CCE1E01F6DB00CE6953 /* Resources */,
			);
			buildRules = (
			);
			dependencies = (
				70DC6CD21E01F6DB00CE6953 /* PBXTargetDependency */,
			);
			name = "Garage SaleTests";
			productName = "Garage SaleTests";
			productReference = 70DC6CD01E01F6DB00CE6953 /* Garage SaleTests.xctest */;
			productType = "com.apple.product-type.bundle.unit-test";
		};
		70DC6CDA1E01F6DB00CE6953 /* Garage SaleUITests */ = {
			isa = PBXNativeTarget;
			buildConfigurationList = 70DC6CEA1E01F6DB00CE6953 /* Build configuration list for PBXNativeTarget "Garage SaleUITests" */;
			buildPhases = (
				70DC6CD71E01F6DB00CE6953 /* Sources */,
				70DC6CD81E01F6DB00CE6953 /* Frameworks */,
				70DC6CD91E01F6DB00CE6953 /* Resources */,
			);
			buildRules = (
			);
			dependencies = (
				70DC6CDD1E01F6DB00CE6953 /* PBXTargetDependency */,
			);
			name = "Garage SaleUITests";
			productName = "Garage SaleUITests";
			productReference = 70DC6CDB1E01F6DB00CE6953 /* Garage SaleUITests.xctest */;
			productType = "com.apple.product-type.bundle.ui-testing";
		};
/* End PBXNativeTarget section */

/* Begin PBXProject section */
		70DC6CAF1E01F6DB00CE6953 /* Project object */ = {
			isa = PBXProject;
			attributes = {
				LastUpgradeCheck = 0900;
				ORGANIZATIONNAME = TripleA;
				TargetAttributes = {
					70DC6CB61E01F6DB00CE6953 = {
						CreatedOnToolsVersion = 8.1;
						DevelopmentTeam = KAEW2AKT6X;
						ProvisioningStyle = Automatic;
						SystemCapabilities = {
							com.apple.ApplePay = {
								enabled = 1;
							};
						};
					};
					70DC6CCF1E01F6DB00CE6953 = {
						CreatedOnToolsVersion = 8.1;
						ProvisioningStyle = Automatic;
						TestTargetID = 70DC6CB61E01F6DB00CE6953;
					};
					70DC6CDA1E01F6DB00CE6953 = {
						CreatedOnToolsVersion = 8.1;
						ProvisioningStyle = Automatic;
						TestTargetID = 70DC6CB61E01F6DB00CE6953;
					};
				};
			};
			buildConfigurationList = 70DC6CB21E01F6DB00CE6953 /* Build configuration list for PBXProject "Garage Sale" */;
			compatibilityVersion = "Xcode 3.2";
			developmentRegion = English;
			hasScannedForEncodings = 0;
			knownRegions = (
				en,
				Base,
			);
			mainGroup = 70DC6CAE1E01F6DB00CE6953;
			productRefGroup = 70DC6CB81E01F6DB00CE6953 /* Products */;
			projectDirPath = "";
			projectRoot = "";
			targets = (
				70DC6CB61E01F6DB00CE6953 /* Garage Sale */,
				70DC6CCF1E01F6DB00CE6953 /* Garage SaleTests */,
				70DC6CDA1E01F6DB00CE6953 /* Garage SaleUITests */,
			);
		};
/* End PBXProject section */

/* Begin PBXResourcesBuildPhase section */
		70DC6CB51E01F6DB00CE6953 /* Resources */ = {
			isa = PBXResourcesBuildPhase;
			buildActionMask = 2147483647;
			files = (
				5A455EDB1E8D6E5F00A41266 /* testingLike.icns in Resources */,
				5A455ED61E8D45CA00A41266 /* comment.png in Resources */,
				5AF3C40D1E7C5DE600990AA2 /* SettingsButton.png in Resources */,
				70A923BC1E3D8A5D00B4B942 /* missing.png in Resources */,
				70D2BE5D1E38930300F39435 /* cameraIcon.png in Resources */,
				70D2BE731E38930300F39435 /* TestImage.png in Resources */,
				70D2BE5E1E38930300F39435 /* cameraIcon@2x.png in Resources */,
				70A923F81E3F058F00B4B942 /* 1.png in Resources */,
				70A924021E3F0BF100B4B942 /* large3.png in Resources */,
				5A455ED91E8D5DDD00A41266 /* sideBar.png in Resources */,
				5AF3C3F51E7B863300990AA2 /* listButton.png in Resources */,
				5AF3C3FF1E7B8A5600990AA2 /* aboutBulb.png in Resources */,
				5ADA86311EFFFD3C009E6A7D /* bBar copy.png in Resources */,
				5AF3C4011E7B8B7300990AA2 /* TopBar.png in Resources */,
				70A923BE1E3D8BA100B4B942 /* default.png in Resources */,
				5AF3C3FC1E7B8A4D00990AA2 /* donateBox.png in Resources */,
				5AF3C4071E7C4F9100990AA2 /* Login page.png in Resources */,
				70A924081E3F0E2D00B4B942 /* bb@2x.png in Resources */,
				70A923C31E3D8E8C00B4B942 /* purchased@2x.png in Resources */,
				5AF3C40F1E7C5FB700990AA2 /* comments.png in Resources */,
				5AF3C3F31E7B859B00990AA2 /* navBarColor.png in Resources */,
				70DC6CCA1E01F6DB00CE6953 /* LaunchScreen.storyboard in Resources */,
				70D2BE711E38930300F39435 /* Screen Shot 2017-01-13 at 3.43.15 PM.png in Resources */,
				70A923FA1E3F058F00B4B942 /* 3.png in Resources */,
				70DC6CC71E01F6DB00CE6953 /* Assets.xcassets in Resources */,
				70D2BE741E38930300F39435 /* TestImage1.png in Resources */,
				70D2BE611E38930300F39435 /* gradient.png in Resources */,
				70D2BE701E38930300F39435 /* Screen Shot 2017-01-13 at 3.43.03 PM.png in Resources */,
				70A923C41E3D8E8C00B4B942 /* purchased@3x.png in Resources */,
				70A924011E3F0BF100B4B942 /* large2.png in Resources */,
				5AF3C3FD1E7B8A4D00990AA2 /* Tag.png in Resources */,
				70A923C21E3D8E8C00B4B942 /* purchased.png in Resources */,
				5AF3C3F71E7B871400990AA2 /* WhiteBackground.png in Resources */,
				5AF3C3F91E7B87BE00990AA2 /* RefreshG.png in Resources */,
				70A923FB1E3F058F00B4B942 /* 4.png in Resources */,
				70A923F91E3F058F00B4B942 /* 2.png in Resources */,
				5A455ED71E8D45CA00A41266 /* share.png in Resources */,
				702CADCE1E42576E00FAC241 /* itunesartwork_2x_720.png in Resources */,
				5AF3C4091E7C526500990AA2 /* SignInButton.png in Resources */,
				70D2BE721E38930300F39435 /* Screen Shot 2017-01-17 at 11.19.21 AM.png in Resources */,
				70A924091E3F0E2D00B4B942 /* bb@3x.png in Resources */,
				70A924071E3F0E2D00B4B942 /* bb.png in Resources */,
				70D2BE5F1E38930300F39435 /* cameraIcon@3x.png in Resources */,
				70D2BE6F1E38930300F39435 /* Screen Shot 2017-01-13 at 3.34.10 PM.png in Resources */,
				705E89191E37BE4F00FA4625 /* Main.storyboard in Resources */,
				70A924001E3F0BF100B4B942 /* large1.png in Resources */,
				70A924031E3F0BF100B4B942 /* large4.png in Resources */,
				7099DF461F8D9E770016C1DE /* userlogo.png in Resources */,
			);
			runOnlyForDeploymentPostprocessing = 0;
		};
		70DC6CCE1E01F6DB00CE6953 /* Resources */ = {
			isa = PBXResourcesBuildPhase;
			buildActionMask = 2147483647;
			files = (
			);
			runOnlyForDeploymentPostprocessing = 0;
		};
		70DC6CD91E01F6DB00CE6953 /* Resources */ = {
			isa = PBXResourcesBuildPhase;
			buildActionMask = 2147483647;
			files = (
			);
			runOnlyForDeploymentPostprocessing = 0;
		};
/* End PBXResourcesBuildPhase section */

/* Begin PBXSourcesBuildPhase section */
		70DC6CB31E01F6DB00CE6953 /* Sources */ = {
			isa = PBXSourcesBuildPhase;
			buildActionMask = 2147483647;
			files = (
				7043099D1E3478DC0059B736 /* ItemDetail.m in Sources */,
				70A923B81E3BF39300B4B942 /* Filters.m in Sources */,
				7026DB631E8C07B00042F6DE /* Login.m in Sources */,
				7045E9721F97EF4300A619E9 /* EditableCell.m in Sources */,
				70223CDB1E2D7AA4001E3724 /* Donate.m in Sources */,
				702CADCC1E41A3EA00FAC241 /* PurchaseThankYou.m in Sources */,
				70E037641F959B4D0078582A /* ItemDetailChange.m in Sources */,
				7026DB661E8C07C40042F6DE /* SignUp.m in Sources */,
				70223CD81E2D7A75001E3724 /* Items.m in Sources */,
				70E037671F959F4E0078582A /* Utility.m in Sources */,
				705E89141E35E04300FA4625 /* Comments.m in Sources */,
				7045E9751F97EF5C00A619E9 /* NameCell.m in Sources */,
				704F2E221F8CAF36009C881B /* UserPage.m in Sources */,
				704F2E251F8CAFA5009C881B /* UserSettings.m in Sources */,
				70DC6CC21E01F6DB00CE6953 /* ViewController.m in Sources */,
				70223CDE1E2D7AB5001E3724 /* About.m in Sources */,
				70DC6CBF1E01F6DB00CE6953 /* AppDelegate.m in Sources */,
				7099DF4C1F8DC8B80016C1DE /* DonatedItemCustomCell.m in Sources */,
				7043094E1E343E680059B736 /* ItemCustomCell.m in Sources */,
				70223D1D1E3184CD001E3724 /* Item.m in Sources */,
				70DC6CBC1E01F6DB00CE6953 /* main.m in Sources */,
			);
			runOnlyForDeploymentPostprocessing = 0;
		};
		70DC6CCC1E01F6DB00CE6953 /* Sources */ = {
			isa = PBXSourcesBuildPhase;
			buildActionMask = 2147483647;
			files = (
				70DC6CD51E01F6DB00CE6953 /* Garage_SaleTests.m in Sources */,
			);
			runOnlyForDeploymentPostprocessing = 0;
		};
		70DC6CD71E01F6DB00CE6953 /* Sources */ = {
			isa = PBXSourcesBuildPhase;
			buildActionMask = 2147483647;
			files = (
				70DC6CE01E01F6DB00CE6953 /* Garage_SaleUITests.m in Sources */,
			);
			runOnlyForDeploymentPostprocessing = 0;
		};
/* End PBXSourcesBuildPhase section */

/* Begin PBXTargetDependency section */
		70DC6CD21E01F6DB00CE6953 /* PBXTargetDependency */ = {
			isa = PBXTargetDependency;
			target = 70DC6CB61E01F6DB00CE6953 /* Garage Sale */;
			targetProxy = 70DC6CD11E01F6DB00CE6953 /* PBXContainerItemProxy */;
		};
		70DC6CDD1E01F6DB00CE6953 /* PBXTargetDependency */ = {
			isa = PBXTargetDependency;
			target = 70DC6CB61E01F6DB00CE6953 /* Garage Sale */;
			targetProxy = 70DC6CDC1E01F6DB00CE6953 /* PBXContainerItemProxy */;
		};
/* End PBXTargetDependency section */

/* Begin PBXVariantGroup section */
		705E89171E37BE4F00FA4625 /* Main.storyboard */ = {
			isa = PBXVariantGroup;
			children = (
				705E89181E37BE4F00FA4625 /* Base */,
			);
			name = Main.storyboard;
			sourceTree = "<group>";
		};
		70DC6CC81E01F6DB00CE6953 /* LaunchScreen.storyboard */ = {
			isa = PBXVariantGroup;
			children = (
				70DC6CC91E01F6DB00CE6953 /* Base */,
			);
			name = LaunchScreen.storyboard;
			sourceTree = "<group>";
		};
/* End PBXVariantGroup section */

/* Begin XCBuildConfiguration section */
		70DC6CE21E01F6DB00CE6953 /* Debug */ = {
			isa = XCBuildConfiguration;
			buildSettings = {
				ALWAYS_SEARCH_USER_PATHS = NO;
				CLANG_ANALYZER_NONNULL = YES;
				CLANG_CXX_LANGUAGE_STANDARD = "gnu++0x";
				CLANG_CXX_LIBRARY = "libc++";
				CLANG_ENABLE_MODULES = YES;
				CLANG_ENABLE_OBJC_ARC = YES;
				CLANG_WARN_BLOCK_CAPTURE_AUTORELEASING = YES;
				CLANG_WARN_BOOL_CONVERSION = YES;
				CLANG_WARN_COMMA = YES;
				CLANG_WARN_CONSTANT_CONVERSION = YES;
				CLANG_WARN_DIRECT_OBJC_ISA_USAGE = YES_ERROR;
				CLANG_WARN_DOCUMENTATION_COMMENTS = YES;
				CLANG_WARN_EMPTY_BODY = YES;
				CLANG_WARN_ENUM_CONVERSION = YES;
				CLANG_WARN_INFINITE_RECURSION = YES;
				CLANG_WARN_INT_CONVERSION = YES;
				CLANG_WARN_NON_LITERAL_NULL_CONVERSION = YES;
				CLANG_WARN_OBJC_LITERAL_CONVERSION = YES;
				CLANG_WARN_OBJC_ROOT_CLASS = YES_ERROR;
				CLANG_WARN_RANGE_LOOP_ANALYSIS = YES;
				CLANG_WARN_STRICT_PROTOTYPES = YES;
				CLANG_WARN_SUSPICIOUS_MOVE = YES;
				CLANG_WARN_SUSPICIOUS_MOVES = YES;
				CLANG_WARN_UNREACHABLE_CODE = YES;
				CLANG_WARN__DUPLICATE_METHOD_MATCH = YES;
				"CODE_SIGN_IDENTITY[sdk=iphoneos*]" = "iPhone Developer";
				COPY_PHASE_STRIP = NO;
				DEBUG_INFORMATION_FORMAT = dwarf;
				ENABLE_STRICT_OBJC_MSGSEND = YES;
				ENABLE_TESTABILITY = YES;
				GCC_C_LANGUAGE_STANDARD = gnu99;
				GCC_DYNAMIC_NO_PIC = NO;
				GCC_NO_COMMON_BLOCKS = YES;
				GCC_OPTIMIZATION_LEVEL = 0;
				GCC_PREPROCESSOR_DEFINITIONS = (
					"DEBUG=1",
					"$(inherited)",
				);
				GCC_WARN_64_TO_32_BIT_CONVERSION = YES;
				GCC_WARN_ABOUT_RETURN_TYPE = YES_ERROR;
				GCC_WARN_UNDECLARED_SELECTOR = YES;
				GCC_WARN_UNINITIALIZED_AUTOS = YES_AGGRESSIVE;
				GCC_WARN_UNUSED_FUNCTION = YES;
				GCC_WARN_UNUSED_VARIABLE = YES;
				IPHONEOS_DEPLOYMENT_TARGET = 9.0;
				MTL_ENABLE_DEBUG_INFO = YES;
				ONLY_ACTIVE_ARCH = YES;
				SDKROOT = iphoneos;
				TARGETED_DEVICE_FAMILY = "1,2";
			};
			name = Debug;
		};
		70DC6CE31E01F6DB00CE6953 /* Release */ = {
			isa = XCBuildConfiguration;
			buildSettings = {
				ALWAYS_SEARCH_USER_PATHS = NO;
				CLANG_ANALYZER_NONNULL = YES;
				CLANG_CXX_LANGUAGE_STANDARD = "gnu++0x";
				CLANG_CXX_LIBRARY = "libc++";
				CLANG_ENABLE_MODULES = YES;
				CLANG_ENABLE_OBJC_ARC = YES;
				CLANG_WARN_BLOCK_CAPTURE_AUTORELEASING = YES;
				CLANG_WARN_BOOL_CONVERSION = YES;
				CLANG_WARN_COMMA = YES;
				CLANG_WARN_CONSTANT_CONVERSION = YES;
				CLANG_WARN_DIRECT_OBJC_ISA_USAGE = YES_ERROR;
				CLANG_WARN_DOCUMENTATION_COMMENTS = YES;
				CLANG_WARN_EMPTY_BODY = YES;
				CLANG_WARN_ENUM_CONVERSION = YES;
				CLANG_WARN_INFINITE_RECURSION = YES;
				CLANG_WARN_INT_CONVERSION = YES;
				CLANG_WARN_NON_LITERAL_NULL_CONVERSION = YES;
				CLANG_WARN_OBJC_LITERAL_CONVERSION = YES;
				CLANG_WARN_OBJC_ROOT_CLASS = YES_ERROR;
				CLANG_WARN_RANGE_LOOP_ANALYSIS = YES;
				CLANG_WARN_STRICT_PROTOTYPES = YES;
				CLANG_WARN_SUSPICIOUS_MOVE = YES;
				CLANG_WARN_SUSPICIOUS_MOVES = YES;
				CLANG_WARN_UNREACHABLE_CODE = YES;
				CLANG_WARN__DUPLICATE_METHOD_MATCH = YES;
				"CODE_SIGN_IDENTITY[sdk=iphoneos*]" = "iPhone Developer";
				COPY_PHASE_STRIP = NO;
				DEBUG_INFORMATION_FORMAT = "dwarf-with-dsym";
				ENABLE_NS_ASSERTIONS = NO;
				ENABLE_STRICT_OBJC_MSGSEND = YES;
				GCC_C_LANGUAGE_STANDARD = gnu99;
				GCC_NO_COMMON_BLOCKS = YES;
				GCC_WARN_64_TO_32_BIT_CONVERSION = YES;
				GCC_WARN_ABOUT_RETURN_TYPE = YES_ERROR;
				GCC_WARN_UNDECLARED_SELECTOR = YES;
				GCC_WARN_UNINITIALIZED_AUTOS = YES_AGGRESSIVE;
				GCC_WARN_UNUSED_FUNCTION = YES;
				GCC_WARN_UNUSED_VARIABLE = YES;
				IPHONEOS_DEPLOYMENT_TARGET = 9.0;
				MTL_ENABLE_DEBUG_INFO = NO;
				SDKROOT = iphoneos;
				TARGETED_DEVICE_FAMILY = "1,2";
				VALIDATE_PRODUCT = YES;
			};
			name = Release;
		};
		70DC6CE51E01F6DB00CE6953 /* Debug */ = {
			isa = XCBuildConfiguration;
			buildSettings = {
				ASSETCATALOG_COMPILER_APPICON_NAME = AppIcon;
				CODE_SIGN_ENTITLEMENTS = "Garage Sale/Garage Sale.entitlements";
				DEVELOPMENT_TEAM = KAEW2AKT6X;
				INFOPLIST_FILE = "Garage Sale/Info.plist";
				IPHONEOS_DEPLOYMENT_TARGET = 9.0;
				LD_RUNPATH_SEARCH_PATHS = "$(inherited) @executable_path/Frameworks";
				PRODUCT_BUNDLE_IDENTIFIER = "aa.Garage-Sale";
				PRODUCT_NAME = "$(TARGET_NAME)";
			};
			name = Debug;
		};
		70DC6CE61E01F6DB00CE6953 /* Release */ = {
			isa = XCBuildConfiguration;
			buildSettings = {
				ASSETCATALOG_COMPILER_APPICON_NAME = AppIcon;
				CODE_SIGN_ENTITLEMENTS = "Garage Sale/Garage Sale.entitlements";
				DEVELOPMENT_TEAM = KAEW2AKT6X;
				INFOPLIST_FILE = "Garage Sale/Info.plist";
				IPHONEOS_DEPLOYMENT_TARGET = 9.0;
				LD_RUNPATH_SEARCH_PATHS = "$(inherited) @executable_path/Frameworks";
				PRODUCT_BUNDLE_IDENTIFIER = "aa.Garage-Sale";
				PRODUCT_NAME = "$(TARGET_NAME)";
			};
			name = Release;
		};
		70DC6CE81E01F6DB00CE6953 /* Debug */ = {
			isa = XCBuildConfiguration;
			buildSettings = {
				BUNDLE_LOADER = "$(TEST_HOST)";
				INFOPLIST_FILE = "Garage SaleTests/Info.plist";
				LD_RUNPATH_SEARCH_PATHS = "$(inherited) @executable_path/Frameworks @loader_path/Frameworks";
				PRODUCT_BUNDLE_IDENTIFIER = "aaa.Garage-SaleTests";
				PRODUCT_NAME = "$(TARGET_NAME)";
				TEST_HOST = "$(BUILT_PRODUCTS_DIR)/Garage Sale.app/Garage Sale";
			};
			name = Debug;
		};
		70DC6CE91E01F6DB00CE6953 /* Release */ = {
			isa = XCBuildConfiguration;
			buildSettings = {
				BUNDLE_LOADER = "$(TEST_HOST)";
				INFOPLIST_FILE = "Garage SaleTests/Info.plist";
				LD_RUNPATH_SEARCH_PATHS = "$(inherited) @executable_path/Frameworks @loader_path/Frameworks";
				PRODUCT_BUNDLE_IDENTIFIER = "aaa.Garage-SaleTests";
				PRODUCT_NAME = "$(TARGET_NAME)";
				TEST_HOST = "$(BUILT_PRODUCTS_DIR)/Garage Sale.app/Garage Sale";
			};
			name = Release;
		};
		70DC6CEB1E01F6DB00CE6953 /* Debug */ = {
			isa = XCBuildConfiguration;
			buildSettings = {
				INFOPLIST_FILE = "Garage SaleUITests/Info.plist";
				LD_RUNPATH_SEARCH_PATHS = "$(inherited) @executable_path/Frameworks @loader_path/Frameworks";
				PRODUCT_BUNDLE_IDENTIFIER = "aaa.Garage-SaleUITests";
				PRODUCT_NAME = "$(TARGET_NAME)";
				TEST_TARGET_NAME = "Garage Sale";
			};
			name = Debug;
		};
		70DC6CEC1E01F6DB00CE6953 /* Release */ = {
			isa = XCBuildConfiguration;
			buildSettings = {
				INFOPLIST_FILE = "Garage SaleUITests/Info.plist";
				LD_RUNPATH_SEARCH_PATHS = "$(inherited) @executable_path/Frameworks @loader_path/Frameworks";
				PRODUCT_BUNDLE_IDENTIFIER = "aaa.Garage-SaleUITests";
				PRODUCT_NAME = "$(TARGET_NAME)";
				TEST_TARGET_NAME = "Garage Sale";
			};
			name = Release;
		};
/* End XCBuildConfiguration section */

/* Begin XCConfigurationList section */
		70DC6CB21E01F6DB00CE6953 /* Build configuration list for PBXProject "Garage Sale" */ = {
			isa = XCConfigurationList;
			buildConfigurations = (
				70DC6CE21E01F6DB00CE6953 /* Debug */,
				70DC6CE31E01F6DB00CE6953 /* Release */,
			);
			defaultConfigurationIsVisible = 0;
			defaultConfigurationName = Release;
		};
		70DC6CE41E01F6DB00CE6953 /* Build configuration list for PBXNativeTarget "Garage Sale" */ = {
			isa = XCConfigurationList;
			buildConfigurations = (
				70DC6CE51E01F6DB00CE6953 /* Debug */,
				70DC6CE61E01F6DB00CE6953 /* Release */,
			);
			defaultConfigurationIsVisible = 0;
			defaultConfigurationName = Release;
		};
		70DC6CE71E01F6DB00CE6953 /* Build configuration list for PBXNativeTarget "Garage SaleTests" */ = {
			isa = XCConfigurationList;
			buildConfigurations = (
				70DC6CE81E01F6DB00CE6953 /* Debug */,
				70DC6CE91E01F6DB00CE6953 /* Release */,
			);
			defaultConfigurationIsVisible = 0;
			defaultConfigurationName = Release;
		};
		70DC6CEA1E01F6DB00CE6953 /* Build configuration list for PBXNativeTarget "Garage SaleUITests" */ = {
			isa = XCConfigurationList;
			buildConfigurations = (
				70DC6CEB1E01F6DB00CE6953 /* Debug */,
				70DC6CEC1E01F6DB00CE6953 /* Release */,
			);
			defaultConfigurationIsVisible = 0;
			defaultConfigurationName = Release;
		};
/* End XCConfigurationList section */
	};
	rootObject = 70DC6CAF1E01F6DB00CE6953 /* Project object */;
}
